
Microsoft Visual Studio Solution File, Format Version 12.00
Project("{FAE04EC0-301F-11D3-BF4B-00C04F79EFBC}") = "EnoUnityLoader", "EnoUnityLoader\EnoUnityLoader.csproj", "{D21FE0AC-D727-4B48-9072-32CD958203D8}"
EndProject
Project("{FAE04EC0-301F-11D3-BF4B-00C04F79EFBC}") = "EnoUnityLoader.AutoInterop", "EnoUnityLoader.AutoInterop\EnoUnityLoader.AutoInterop.csproj", "{725D8D2E-B5A8-42A5-9731-8220502A65E6}"
EndProject
Project("{FAE04EC0-301F-11D3-BF4B-00C04F79EFBC}") = "BetterVanilla", "BetterVanilla\BetterVanilla.csproj", "{5B7DA843-C49E-4BB8-B330-1F2EE2E83B58}"
EndProject
Project("{FAE04EC0-301F-11D3-BF4B-00C04F79EFBC}") = "ExampleMod", "ExampleMod\ExampleMod.csproj", "{1E07080D-3591-42D1-82C5-BD1479427535}"
EndProject
Project("{FAE04EC0-301F-11D3-BF4B-00C04F79EFBC}") = "EnoUnityLoader.Ui", "EnoUnityLoader.Ui\EnoUnityLoader.Ui.csproj", "{11E24637-D21E-4835-AC48-74978D933011}"
EndProject
Project("{FAE04EC0-301F-11D3-BF4B-00C04F79EFBC}") = "EnoUnityLoader.Ipc", "EnoUnityLoader.Ipc\EnoUnityLoader.Ipc.csproj", "{A250858A-B118-4E4B-8743-C5CE56A2CCAC}"
EndProject
Project("{FAE04EC0-301F-11D3-BF4B-00C04F79EFBC}") = "EnoUnityLoader.Updater", "EnoUnityLoader.Updater\EnoUnityLoader.Updater.csproj", "{FE0797CC-E221-4E25-95DB-03BC507D23AF}"
EndProject
Global
	GlobalSection(SolutionConfigurationPlatforms) = preSolution
		Debug|Any CPU = Debug|Any CPU
		Debug|x64 = Debug|x64
		Debug|x86 = Debug|x86
		Release|Any CPU = Release|Any CPU
		Release|x64 = Release|x64
		Release|x86 = Release|x86
	EndGlobalSection
	GlobalSection(ProjectConfigurationPlatforms) = postSolution
		{D21FE0AC-D727-4B48-9072-32CD958203D8}.Debug|Any CPU.ActiveCfg = Debug|Any CPU
		{D21FE0AC-D727-4B48-9072-32CD958203D8}.Debug|Any CPU.Build.0 = Debug|Any CPU
		{D21FE0AC-D727-4B48-9072-32CD958203D8}.Debug|x64.ActiveCfg = Debug|Any CPU
		{D21FE0AC-D727-4B48-9072-32CD958203D8}.Debug|x64.Build.0 = Debug|Any CPU
		{D21FE0AC-D727-4B48-9072-32CD958203D8}.Debug|x86.ActiveCfg = Debug|Any CPU
		{D21FE0AC-D727-4B48-9072-32CD958203D8}.Debug|x86.Build.0 = Debug|Any CPU
		{D21FE0AC-D727-4B48-9072-32CD958203D8}.Release|Any CPU.ActiveCfg = Release|Any CPU
		{D21FE0AC-D727-4B48-9072-32CD958203D8}.Release|Any CPU.Build.0 = Release|Any CPU
		{D21FE0AC-D727-4B48-9072-32CD958203D8}.Release|x64.ActiveCfg = Release|Any CPU
		{D21FE0AC-D727-4B48-9072-32CD958203D8}.Release|x64.Build.0 = Release|Any CPU
		{D21FE0AC-D727-4B48-9072-32CD958203D8}.Release|x86.ActiveCfg = Release|Any CPU
		{D21FE0AC-D727-4B48-9072-32CD958203D8}.Release|x86.Build.0 = Release|Any CPU
		{725D8D2E-B5A8-42A5-9731-8220502A65E6}.Debug|Any CPU.ActiveCfg = Debug|Any CPU
		{725D8D2E-B5A8-42A5-9731-8220502A65E6}.Debug|Any CPU.Build.0 = Debug|Any CPU
		{725D8D2E-B5A8-42A5-9731-8220502A65E6}.Debug|x64.ActiveCfg = Debug|Any CPU
		{725D8D2E-B5A8-42A5-9731-8220502A65E6}.Debug|x64.Build.0 = Debug|Any CPU
		{725D8D2E-B5A8-42A5-9731-8220502A65E6}.Debug|x86.ActiveCfg = Debug|Any CPU
		{725D8D2E-B5A8-42A5-9731-8220502A65E6}.Debug|x86.Build.0 = Debug|Any CPU
		{725D8D2E-B5A8-42A5-9731-8220502A65E6}.Release|Any CPU.ActiveCfg = Release|Any CPU
		{725D8D2E-B5A8-42A5-9731-8220502A65E6}.Release|Any CPU.Build.0 = Release|Any CPU
		{725D8D2E-B5A8-42A5-9731-8220502A65E6}.Release|x64.ActiveCfg = Release|Any CPU
		{725D8D2E-B5A8-42A5-9731-8220502A65E6}.Release|x64.Build.0 = Release|Any CPU
		{725D8D2E-B5A8-42A5-9731-8220502A65E6}.Release|x86.ActiveCfg = Release|Any CPU
		{725D8D2E-B5A8-42A5-9731-8220502A65E6}.Release|x86.Build.0 = Release|Any CPU
		{5B7DA843-C49E-4BB8-B330-1F2EE2E83B58}.Debug|Any CPU.ActiveCfg = Debug|Any CPU
		{5B7DA843-C49E-4BB8-B330-1F2EE2E83B58}.Debug|Any CPU.Build.0 = Debug|Any CPU
		{5B7DA843-C49E-4BB8-B330-1F2EE2E83B58}.Debug|x64.ActiveCfg = Debug|Any CPU
		{5B7DA843-C49E-4BB8-B330-1F2EE2E83B58}.Debug|x64.Build.0 = Debug|Any CPU
		{5B7DA843-C49E-4BB8-B330-1F2EE2E83B58}.Debug|x86.ActiveCfg = Debug|Any CPU
		{5B7DA843-C49E-4BB8-B330-1F2EE2E83B58}.Debug|x86.Build.0 = Debug|Any CPU
		{5B7DA843-C49E-4BB8-B330-1F2EE2E83B58}.Release|Any CPU.ActiveCfg = Release|Any CPU
		{5B7DA843-C49E-4BB8-B330-1F2EE2E83B58}.Release|Any CPU.Build.0 = Release|Any CPU
		{5B7DA843-C49E-4BB8-B330-1F2EE2E83B58}.Release|x64.ActiveCfg = Release|Any CPU
		{5B7DA843-C49E-4BB8-B330-1F2EE2E83B58}.Release|x64.Build.0 = Release|Any CPU
		{5B7DA843-C49E-4BB8-B330-1F2EE2E83B58}.Release|x86.ActiveCfg = Release|Any CPU
		{5B7DA843-C49E-4BB8-B330-1F2EE2E83B58}.Release|x86.Build.0 = Release|Any CPU
		{1E07080D-3591-42D1-82C5-BD1479427535}.Debug|Any CPU.ActiveCfg = Debug|Any CPU
		{1E07080D-3591-42D1-82C5-BD1479427535}.Debug|Any CPU.Build.0 = Debug|Any CPU
		{1E07080D-3591-42D1-82C5-BD1479427535}.Debug|x64.ActiveCfg = Debug|Any CPU
		{1E07080D-3591-42D1-82C5-BD1479427535}.Debug|x64.Build.0 = Debug|Any CPU
		{1E07080D-3591-42D1-82C5-BD1479427535}.Debug|x86.ActiveCfg = Debug|Any CPU
		{1E07080D-3591-42D1-82C5-BD1479427535}.Debug|x86.Build.0 = Debug|Any CPU
		{1E07080D-3591-42D1-82C5-BD1479427535}.Release|Any CPU.ActiveCfg = Release|Any CPU
		{1E07080D-3591-42D1-82C5-BD1479427535}.Release|Any CPU.Build.0 = Release|Any CPU
		{1E07080D-3591-42D1-82C5-BD1479427535}.Release|x64.ActiveCfg = Release|Any CPU
		{1E07080D-3591-42D1-82C5-BD1479427535}.Release|x64.Build.0 = Release|Any CPU
		{1E07080D-3591-42D1-82C5-BD1479427535}.Release|x86.ActiveCfg = Release|Any CPU
		{1E07080D-3591-42D1-82C5-BD1479427535}.Release|x86.Build.0 = Release|Any CPU
		{11E24637-D21E-4835-AC48-74978D933011}.Debug|Any CPU.ActiveCfg = Debug|Any CPU
		{11E24637-D21E-4835-AC48-74978D933011}.Debug|Any CPU.Build.0 = Debug|Any CPU
		{11E24637-D21E-4835-AC48-74978D933011}.Debug|x64.ActiveCfg = Debug|Any CPU
		{11E24637-D21E-4835-AC48-74978D933011}.Debug|x64.Build.0 = Debug|Any CPU
		{11E24637-D21E-4835-AC48-74978D933011}.Debug|x86.ActiveCfg = Debug|Any CPU
		{11E24637-D21E-4835-AC48-74978D933011}.Debug|x86.Build.0 = Debug|Any CPU
		{11E24637-D21E-4835-AC48-74978D933011}.Release|Any CPU.ActiveCfg = Release|Any CPU
		{11E24637-D21E-4835-AC48-74978D933011}.Release|Any CPU.Build.0 = Release|Any CPU
		{11E24637-D21E-4835-AC48-74978D933011}.Release|x64.ActiveCfg = Release|Any CPU
		{11E24637-D21E-4835-AC48-74978D933011}.Release|x64.Build.0 = Release|Any CPU
		{11E24637-D21E-4835-AC48-74978D933011}.Release|x86.ActiveCfg = Release|Any CPU
		{11E24637-D21E-4835-AC48-74978D933011}.Release|x86.Build.0 = Release|Any CPU
		{A250858A-B118-4E4B-8743-C5CE56A2CCAC}.Debug|Any CPU.ActiveCfg = Debug|Any CPU
		{A250858A-B118-4E4B-8743-C5CE56A2CCAC}.Debug|Any CPU.Build.0 = Debug|Any CPU
		{A250858A-B118-4E4B-8743-C5CE56A2CCAC}.Debug|x64.ActiveCfg = Debug|Any CPU
		{A250858A-B118-4E4B-8743-C5CE56A2CCAC}.Debug|x64.Build.0 = Debug|Any CPU
		{A250858A-B118-4E4B-8743-C5CE56A2CCAC}.Debug|x86.ActiveCfg = Debug|Any CPU
		{A250858A-B118-4E4B-8743-C5CE56A2CCAC}.Debug|x86.Build.0 = Debug|Any CPU
		{A250858A-B118-4E4B-8743-C5CE56A2CCAC}.Release|Any CPU.ActiveCfg = Release|Any CPU
		{A250858A-B118-4E4B-8743-C5CE56A2CCAC}.Release|Any CPU.Build.0 = Release|Any CPU
		{A250858A-B118-4E4B-8743-C5CE56A2CCAC}.Release|x64.ActiveCfg = Release|Any CPU
		{A250858A-B118-4E4B-8743-C5CE56A2CCAC}.Release|x64.Build.0 = Release|Any CPU
		{A250858A-B118-4E4B-8743-C5CE56A2CCAC}.Release|x86.ActiveCfg = Release|Any CPU
		{A250858A-B118-4E4B-8743-C5CE56A2CCAC}.Release|x86.Build.0 = Release|Any CPU
		{FE0797CC-E221-4E25-95DB-03BC507D23AF}.Debug|Any CPU.ActiveCfg = Debug|Any CPU
		{FE0797CC-E221-4E25-95DB-03BC507D23AF}.Debug|Any CPU.Build.0 = Debug|Any CPU
		{FE0797CC-E221-4E25-95DB-03BC507D23AF}.Debug|x64.ActiveCfg = Debug|Any CPU
		{FE0797CC-E221-4E25-95DB-03BC507D23AF}.Debug|x64.Build.0 = Debug|Any CPU
		{FE0797CC-E221-4E25-95DB-03BC507D23AF}.Debug|x86.ActiveCfg = Debug|Any CPU
		{FE0797CC-E221-4E25-95DB-03BC507D23AF}.Debug|x86.Build.0 = Debug|Any CPU
		{FE0797CC-E221-4E25-95DB-03BC507D23AF}.Release|Any CPU.ActiveCfg = Release|Any CPU
		{FE0797CC-E221-4E25-95DB-03BC507D23AF}.Release|Any CPU.Build.0 = Release|Any CPU
		{FE0797CC-E221-4E25-95DB-03BC507D23AF}.Release|x64.ActiveCfg = Release|Any CPU
		{FE0797CC-E221-4E25-95DB-03BC507D23AF}.Release|x64.Build.0 = Release|Any CPU
		{FE0797CC-E221-4E25-95DB-03BC507D23AF}.Release|x86.ActiveCfg = Release|Any CPU
		{FE0797CC-E221-4E25-95DB-03BC507D23AF}.Release|x86.Build.0 = Release|Any CPU
	EndGlobalSection
	GlobalSection(SolutionProperties) = preSolution
		HideSolutionNode = FALSE
	EndGlobalSection
EndGlobal
